
Microsoft Visual Studio Solution File, Format Version 12.00
# Visual Studio Version 16
VisualStudioVersion = 16.0.33328.57
MinimumVisualStudioVersion = 10.0.40219.1
Project("{FAE04EC0-301F-11D3-BF4B-00C04F79EFBC}") = "project1", "project1\project1.csproj", "{7C46D93E-4FCB-440F-BD46-A793E1FF869E}"
EndProject
Project("{FAE04EC0-301F-11D3-BF4B-00C04F79EFBC}") = "project2", "..\code\calculator2\calculator2\project2.csproj", "{375FBB94-D262-4D96-9FFE-350CD5E409B9}"
EndProject
Global
	GlobalSection(SolutionConfigurationPlatforms) = preSolution
		Debug|Any CPU = Debug|Any CPU
		Release|Any CPU = Release|Any CPU
	EndGlobalSection
	GlobalSection(ProjectConfigurationPlatforms) = postSolution
		{7C46D93E-4FCB-440F-BD46-A793E1FF869E}.Debug|Any CPU.ActiveCfg = Debug|Any CPU
		{7C46D93E-4FCB-440F-BD46-A793E1FF869E}.Debug|Any CPU.Build.0 = Debug|Any CPU
		{7C46D93E-4FCB-440F-BD46-A793E1FF869E}.Release|Any CPU.ActiveCfg = Release|Any CPU
		{7C46D93E-4FCB-440F-BD46-A793E1FF869E}.Release|Any CPU.Build.0 = Release|Any CPU
		{375FBB94-D262-4D96-9FFE-350CD5E409B9}.Debug|Any CPU.ActiveCfg = Debug|Any CPU
		{375FBB94-D262-4D96-9FFE-350CD5E409B9}.Debug|Any CPU.Build.0 = Debug|Any CPU
		{375FBB94-D262-4D96-9FFE-350CD5E409B9}.Release|Any CPU.ActiveCfg = Release|Any CPU
		{375FBB94-D262-4D96-9FFE-350CD5E409B9}.Release|Any CPU.Build.0 = Release|Any CPU
	EndGlobalSection
	GlobalSection(SolutionProperties) = preSolution
		HideSolutionNode = FALSE
	EndGlobalSection
	GlobalSection(ExtensibilityGlobals) = postSolution
		SolutionGuid = {B0DCB546-D13D-4D59-9B6F-B2EA5175D029}
	EndGlobalSection
EndGlobal
